
Microsoft Visual Studio Solution File, Format Version 12.00
# Visual Studio Version 17
VisualStudioVersion = 17.0.31903.59
MinimumVisualStudioVersion = 10.0.40219.1
Project("{9A19103F-16F7-4668-BE54-9A1E7A4F7556}") = "Day01", "Day01\Day01.csproj", "{D16265D5-AE26-4AB7-8567-28EDFAD79539}"
EndProject
Project("{9A19103F-16F7-4668-BE54-9A1E7A4F7556}") = "Day02", "Day02\Day02.csproj", "{1FFD11E5-B6FC-4CB2-A095-070587126FAB}"
EndProject
Project("{9A19103F-16F7-4668-BE54-9A1E7A4F7556}") = "Day03", "Day03\Day03.csproj", "{B871B2AC-FDAB-4CB6-8566-1AFDF1FCD915}"
EndProject
Project("{9A19103F-16F7-4668-BE54-9A1E7A4F7556}") = "Day04", "Day04\Day04.csproj", "{75D20159-EB8A-4C99-A2FF-290DFFA89F7C}"
EndProject
Project("{9A19103F-16F7-4668-BE54-9A1E7A4F7556}") = "Day05", "Day05\Day05.csproj", "{A66EE9AA-6E32-40E4-BEBC-66681CA3C78C}"
EndProject
Project("{FAE04EC0-301F-11D3-BF4B-00C04F79EFBC}") = "Day06", "Day06\Day06.csproj", "{D37C3732-F0ED-4127-916E-DF39898D2218}"
EndProject
Global
	GlobalSection(SolutionConfigurationPlatforms) = preSolution
		Debug|Any CPU = Debug|Any CPU
		Release|Any CPU = Release|Any CPU
	EndGlobalSection
	GlobalSection(ProjectConfigurationPlatforms) = postSolution
		{D16265D5-AE26-4AB7-8567-28EDFAD79539}.Debug|Any CPU.ActiveCfg = Debug|Any CPU
		{D16265D5-AE26-4AB7-8567-28EDFAD79539}.Debug|Any CPU.Build.0 = Debug|Any CPU
		{D16265D5-AE26-4AB7-8567-28EDFAD79539}.Release|Any CPU.ActiveCfg = Release|Any CPU
		{D16265D5-AE26-4AB7-8567-28EDFAD79539}.Release|Any CPU.Build.0 = Release|Any CPU
		{1FFD11E5-B6FC-4CB2-A095-070587126FAB}.Debug|Any CPU.ActiveCfg = Debug|Any CPU
		{1FFD11E5-B6FC-4CB2-A095-070587126FAB}.Debug|Any CPU.Build.0 = Debug|Any CPU
		{1FFD11E5-B6FC-4CB2-A095-070587126FAB}.Release|Any CPU.ActiveCfg = Release|Any CPU
		{1FFD11E5-B6FC-4CB2-A095-070587126FAB}.Release|Any CPU.Build.0 = Release|Any CPU
		{B871B2AC-FDAB-4CB6-8566-1AFDF1FCD915}.Debug|Any CPU.ActiveCfg = Debug|Any CPU
		{B871B2AC-FDAB-4CB6-8566-1AFDF1FCD915}.Debug|Any CPU.Build.0 = Debug|Any CPU
		{B871B2AC-FDAB-4CB6-8566-1AFDF1FCD915}.Release|Any CPU.ActiveCfg = Release|Any CPU
		{B871B2AC-FDAB-4CB6-8566-1AFDF1FCD915}.Release|Any CPU.Build.0 = Release|Any CPU
		{75D20159-EB8A-4C99-A2FF-290DFFA89F7C}.Debug|Any CPU.ActiveCfg = Debug|Any CPU
		{75D20159-EB8A-4C99-A2FF-290DFFA89F7C}.Debug|Any CPU.Build.0 = Debug|Any CPU
		{75D20159-EB8A-4C99-A2FF-290DFFA89F7C}.Release|Any CPU.ActiveCfg = Release|Any CPU
		{75D20159-EB8A-4C99-A2FF-290DFFA89F7C}.Release|Any CPU.Build.0 = Release|Any CPU
		{A66EE9AA-6E32-40E4-BEBC-66681CA3C78C}.Debug|Any CPU.ActiveCfg = Debug|Any CPU
		{A66EE9AA-6E32-40E4-BEBC-66681CA3C78C}.Debug|Any CPU.Build.0 = Debug|Any CPU
		{A66EE9AA-6E32-40E4-BEBC-66681CA3C78C}.Release|Any CPU.ActiveCfg = Release|Any CPU
		{A66EE9AA-6E32-40E4-BEBC-66681CA3C78C}.Release|Any CPU.Build.0 = Release|Any CPU
		{D37C3732-F0ED-4127-916E-DF39898D2218}.Debug|Any CPU.ActiveCfg = Debug|Any CPU
		{D37C3732-F0ED-4127-916E-DF39898D2218}.Debug|Any CPU.Build.0 = Debug|Any CPU
		{D37C3732-F0ED-4127-916E-DF39898D2218}.Release|Any CPU.ActiveCfg = Release|Any CPU
		{D37C3732-F0ED-4127-916E-DF39898D2218}.Release|Any CPU.Build.0 = Release|Any CPU
	EndGlobalSection
	GlobalSection(SolutionProperties) = preSolution
		HideSolutionNode = FALSE
	EndGlobalSection
	GlobalSection(ExtensibilityGlobals) = postSolution
		SolutionGuid = {EE3B6501-7677-4A56-B174-323A3DB8151F}
	EndGlobalSection
EndGlobal
